Microsoft Visual Studio Solution File, Format Version 11.00
# Visual Studio 2008

Project("{830B1B71-8694-3A53-62D3-66EDC2B130DE}") = "YASG", "Assembly-CSharp-firstpass.csproj", "{C0A91674-4B71-DFD5-DB23-7C70199B75A7}"
EndProject
Project("{830B1B71-8694-3A53-62D3-66EDC2B130DE}") = "YASG", "Assembly-CSharp.csproj", "{860CADB9-7E99-ED22-6626-AC31809780F8}"
EndProject
Project("{830B1B71-8694-3A53-62D3-66EDC2B130DE}") = "YASG", "Assembly-UnityScript-firstpass.unityproj", "{A4DFF1C7-845D-1953-79CD-8AE113806ADE}"
EndProject
Global
	GlobalSection(SolutionConfigurationPlatforms) = preSolution
		Debug|Any CPU = Debug|Any CPU
		Release|Any CPU = Release|Any CPU
	EndGlobalSection
	GlobalSection(ProjectConfigurationPlatforms) = postSolution
		{C0A91674-4B71-DFD5-DB23-7C70199B75A7}.Debug|Any CPU.ActiveCfg = Debug|Any CPU
		{C0A91674-4B71-DFD5-DB23-7C70199B75A7}.Debug|Any CPU.Build.0 = Debug|Any CPU
		{C0A91674-4B71-DFD5-DB23-7C70199B75A7}.Release|Any CPU.ActiveCfg = Release|Any CPU
		{C0A91674-4B71-DFD5-DB23-7C70199B75A7}.Release|Any CPU.Build.0 = Release|Any CPU
		{860CADB9-7E99-ED22-6626-AC31809780F8}.Debug|Any CPU.ActiveCfg = Debug|Any CPU
		{860CADB9-7E99-ED22-6626-AC31809780F8}.Debug|Any CPU.Build.0 = Debug|Any CPU
		{860CADB9-7E99-ED22-6626-AC31809780F8}.Release|Any CPU.ActiveCfg = Release|Any CPU
		{860CADB9-7E99-ED22-6626-AC31809780F8}.Release|Any CPU.Build.0 = Release|Any CPU
		{A4DFF1C7-845D-1953-79CD-8AE113806ADE}.Debug|Any CPU.ActiveCfg = Debug|Any CPU
		{A4DFF1C7-845D-1953-79CD-8AE113806ADE}.Debug|Any CPU.Build.0 = Debug|Any CPU
		{A4DFF1C7-845D-1953-79CD-8AE113806ADE}.Release|Any CPU.ActiveCfg = Release|Any CPU
		{A4DFF1C7-845D-1953-79CD-8AE113806ADE}.Release|Any CPU.Build.0 = Release|Any CPU
	EndGlobalSection
	GlobalSection(SolutionProperties) = preSolution
		HideSolutionNode = FALSE
	EndGlobalSection
																																GlobalSection(MonoDevelopProperties) = preSolution
		StartupItem = Assembly-CSharp.csproj
		Policies = $0
		$0.TextStylePolicy = $1
		$1.inheritsSet = null
		$1.scope = text/x-csharp
		$0.CSharpFormattingPolicy = $2
		$2.inheritsSet = Mono
		$2.inheritsScope = text/x-csharp
		$2.scope = text/x-csharp
		$0.TextStylePolicy = $3
		$3.FileWidth = 120
		$3.TabWidth = 4
		$3.EolMarker = Unix
		$3.inheritsSet = Mono
		$3.inheritsScope = text/plain
		$3.scope = text/plain
	EndGlobalSection

EndGlobal
